// !$*UTF8*$!
{
	archiveVersion = 1;
	classes = {
	};
	objectVersion = 46;
	objects = {

/* Begin PBXAggregateTarget section */
		7DF9E7C01C6F12B900137669 /* Mogenerator */ = {
			isa = PBXAggregateTarget;
			buildConfigurationList = 7DF9E7C31C6F12B900137669 /* Build configuration list for PBXAggregateTarget "Mogenerator" */;
			buildPhases = (
				7DF9E7C41C6F12C400137669 /* Mogenerator Run Script */,
			);
			dependencies = (
			);
			name = Mogenerator;
			productName = Mogenerator;
		};
/* End PBXAggregateTarget section */

/* Begin PBXBuildFile section */
		1025B9FF2F362577FC17BFDB /* libPods-Micro GitUITests.a in Frameworks */ = {isa = PBXBuildFile; fileRef = EFB852916BEFD15CE2385355 /* libPods-Micro GitUITests.a */; };
		56627E9DE6B2375FF50EB53C /* libPods-Micro GitTests.a in Frameworks */ = {isa = PBXBuildFile; fileRef = C4F7FA479C9F3A63A64C7316 /* libPods-Micro GitTests.a */; };
		7DC6AC791C750BD6002A14A4 /* RepoTableViewControllerTest.m in Sources */ = {isa = PBXBuildFile; fileRef = 7DC6AC781C750BD6002A14A4 /* RepoTableViewControllerTest.m */; };
		7DCA07241C6E81450080194B /* MicroGitModel.xcdatamodeld in Sources */ = {isa = PBXBuildFile; fileRef = 7DCA07221C6E81450080194B /* MicroGitModel.xcdatamodeld */; };
		7DF220C61C707F99004F1CEF /* octicons.ttf in Resources */ = {isa = PBXBuildFile; fileRef = 7DF220C51C707F99004F1CEF /* octicons.ttf */; };
		7DF220CA1C70866B004F1CEF /* OctIconConstants.m in Sources */ = {isa = PBXBuildFile; fileRef = 7DF220C91C70866B004F1CEF /* OctIconConstants.m */; };
		7DF220CE1C708E09004F1CEF /* MicroGitTheme.m in Sources */ = {isa = PBXBuildFile; fileRef = 7DF220CD1C708E09004F1CEF /* MicroGitTheme.m */; };
		7DF220D11C709042004F1CEF /* UIColor+Theme.m in Sources */ = {isa = PBXBuildFile; fileRef = 7DF220D01C709042004F1CEF /* UIColor+Theme.m */; };
		7DF220D41C709064004F1CEF /* UIFont+Theme.m in Sources */ = {isa = PBXBuildFile; fileRef = 7DF220D31C709064004F1CEF /* UIFont+Theme.m */; };
		7DF220D81C7094DE004F1CEF /* MicroGitLabel.m in Sources */ = {isa = PBXBuildFile; fileRef = 7DF220D71C7094DE004F1CEF /* MicroGitLabel.m */; };
		7DF220DB1C709E9A004F1CEF /* PaginatedTableViewController.m in Sources */ = {isa = PBXBuildFile; fileRef = 7DF220DA1C709E9A004F1CEF /* PaginatedTableViewController.m */; };
		7DF220DE1C70CCE3004F1CEF /* IssuesAPI.m in Sources */ = {isa = PBXBuildFile; fileRef = 7DF220DD1C70CCE3004F1CEF /* IssuesAPI.m */; };
		7DF220E11C70CCFC004F1CEF /* ContributorsAPI.m in Sources */ = {isa = PBXBuildFile; fileRef = 7DF220E01C70CCFC004F1CEF /* ContributorsAPI.m */; };
		7DF220E91C712A23004F1CEF /* TitleLabel.m in Sources */ = {isa = PBXBuildFile; fileRef = 7DF220E81C712A23004F1CEF /* TitleLabel.m */; };
		7DF4D9981C6F9286007D47B3 /* APIClient.m in Sources */ = {isa = PBXBuildFile; fileRef = 7DF4D9971C6F9286007D47B3 /* APIClient.m */; };
		7DF4D99B1C6FB685007D47B3 /* RepositoriesAPI.m in Sources */ = {isa = PBXBuildFile; fileRef = 7DF4D99A1C6FB685007D47B3 /* RepositoriesAPI.m */; };
		7DF4D99E1C6FB9C8007D47B3 /* BaseAPI.m in Sources */ = {isa = PBXBuildFile; fileRef = 7DF4D99D1C6FB9C8007D47B3 /* BaseAPI.m */; };
		7DF4D9A21C6FE42E007D47B3 /* BottomRefreshControl.m in Sources */ = {isa = PBXBuildFile; fileRef = 7DF4D9A11C6FE42E007D47B3 /* BottomRefreshControl.m */; };
		7DF4D9A41C6FE43F007D47B3 /* BottomRefreshControl.xib in Resources */ = {isa = PBXBuildFile; fileRef = 7DF4D9A31C6FE43F007D47B3 /* BottomRefreshControl.xib */; };
		7DF4D9A71C6FF4D4007D47B3 /* RepositoryDetailTableViewController.m in Sources */ = {isa = PBXBuildFile; fileRef = 7DF4D9A61C6FF4D4007D47B3 /* RepositoryDetailTableViewController.m */; };
		7DF4D9AA1C6FF4E3007D47B3 /* ContributorsTableViewController.m in Sources */ = {isa = PBXBuildFile; fileRef = 7DF4D9A91C6FF4E3007D47B3 /* ContributorsTableViewController.m */; };
		7DF4D9AD1C6FF4F8007D47B3 /* IssuesTableViewController.m in Sources */ = {isa = PBXBuildFile; fileRef = 7DF4D9AC1C6FF4F8007D47B3 /* IssuesTableViewController.m */; };
		7DFA3B041C726345009B0F7D /* _GitContributorModel.m in Sources */ = {isa = PBXBuildFile; fileRef = 7DFA3B031C726345009B0F7D /* _GitContributorModel.m */; };
		7DFA3B071C726352009B0F7D /* GitContributorModel.m in Sources */ = {isa = PBXBuildFile; fileRef = 7DFA3B061C726352009B0F7D /* GitContributorModel.m */; };
		7DFCF2081C6F4DF80023FB31 /* _GitIssueModel.m in Sources */ = {isa = PBXBuildFile; fileRef = 7DFCF1FD1C6F4DF80023FB31 /* _GitIssueModel.m */; };
		7DFCF2091C6F4DF80023FB31 /* _GitRepositoryModel.m in Sources */ = {isa = PBXBuildFile; fileRef = 7DFCF1FF1C6F4DF80023FB31 /* _GitRepositoryModel.m */; };
		7DFCF20A1C6F4DF80023FB31 /* _GitUserModel.m in Sources */ = {isa = PBXBuildFile; fileRef = 7DFCF2011C6F4DF80023FB31 /* _GitUserModel.m */; };
		7DFCF20B1C6F4DF80023FB31 /* GitIssueModel.m in Sources */ = {isa = PBXBuildFile; fileRef = 7DFCF2031C6F4DF80023FB31 /* GitIssueModel.m */; };
		7DFCF20C1C6F4DF80023FB31 /* GitRepositoryModel.m in Sources */ = {isa = PBXBuildFile; fileRef = 7DFCF2051C6F4DF80023FB31 /* GitRepositoryModel.m */; };
		7DFCF20D1C6F4DF80023FB31 /* GitUserModel.m in Sources */ = {isa = PBXBuildFile; fileRef = 7DFCF2071C6F4DF80023FB31 /* GitUserModel.m */; };
		7DFCF2101C6F6D800023FB31 /* BaseModel.m in Sources */ = {isa = PBXBuildFile; fileRef = 7DFCF20F1C6F6D800023FB31 /* BaseModel.m */; };
		EC7CA863453F73013F130A9E /* libPods-Micro Git.a in Frameworks */ = {isa = PBXBuildFile; fileRef = ABA06E2199BE19C497053D1B /* libPods-Micro Git.a */; };
		F47036B81C6D0234009365D9 /* main.m in Sources */ = {isa = PBXBuildFile; fileRef = F47036B71C6D0234009365D9 /* main.m */; };
		F47036BB1C6D0234009365D9 /* AppDelegate.m in Sources */ = {isa = PBXBuildFile; fileRef = F47036BA1C6D0234009365D9 /* AppDelegate.m */; };
		F47036BE1C6D0234009365D9 /* RepositoriesTableViewController.m in Sources */ = {isa = PBXBuildFile; fileRef = F47036BD1C6D0234009365D9 /* RepositoriesTableViewController.m */; };
		F47036C11C6D0234009365D9 /* Main.storyboard in Resources */ = {isa = PBXBuildFile; fileRef = F47036BF1C6D0234009365D9 /* Main.storyboard */; };
		F47036C31C6D0234009365D9 /* Assets.xcassets in Resources */ = {isa = PBXBuildFile; fileRef = F47036C21C6D0234009365D9 /* Assets.xcassets */; };
		F47036C61C6D0234009365D9 /* LaunchScreen.storyboard in Resources */ = {isa = PBXBuildFile; fileRef = F47036C41C6D0234009365D9 /* LaunchScreen.storyboard */; };
		F47036D11C6D0234009365D9 /* Micro_GitTests.m in Sources */ = {isa = PBXBuildFile; fileRef = F47036D01C6D0234009365D9 /* Micro_GitTests.m */; };
		F47036DC1C6D0234009365D9 /* Micro_GitUITests.m in Sources */ = {isa = PBXBuildFile; fileRef = F47036DB1C6D0234009365D9 /* Micro_GitUITests.m */; };
		F47036EB1C6D1107009365D9 /* iTunesArtwork.png in Resources */ = {isa = PBXBuildFile; fileRef = F47036E91C6D1107009365D9 /* iTunesArtwork.png */; };
		F47036EC1C6D1107009365D9 /* iTunesArtwork@2x.png in Resources */ = {isa = PBXBuildFile; fileRef = F47036EA1C6D1107009365D9 /* iTunesArtwork@2x.png */; };
/* End PBXBuildFile section */

/* Begin PBXContainerItemProxy section */
		F47036CD1C6D0234009365D9 /* PBXContainerItemProxy */ = {
			isa = PBXContainerItemProxy;
			containerPortal = F47036AB1C6D0234009365D9 /* Project object */;
			proxyType = 1;
			remoteGlobalIDString = F47036B21C6D0234009365D9;
			remoteInfo = "Micro Git";
		};
		F47036D81C6D0234009365D9 /* PBXContainerItemProxy */ = {
			isa = PBXContainerItemProxy;
			containerPortal = F47036AB1C6D0234009365D9 /* Project object */;
			proxyType = 1;
			remoteGlobalIDString = F47036B21C6D0234009365D9;
			remoteInfo = "Micro Git";
		};
/* End PBXContainerItemProxy section */

/* Begin PBXFileReference section */
		6D5F224A2444D71C02D6E287 /* Pods-Micro GitUITests.debug.xcconfig */ = {isa = PBXFileReference; includeInIndex = 1; lastKnownFileType = text.xcconfig; lineEnding = 0; name = "Pods-Micro GitUITests.debug.xcconfig"; path = "Pods/Target Support Files/Pods-Micro GitUITests/Pods-Micro GitUITests.debug.xcconfig"; sourceTree = "<group>"; xcLanguageSpecificationIdentifier = xcode.lang.xcconfig; };
		7DC6AC781C750BD6002A14A4 /* RepoTableViewControllerTest.m */ = {isa = PBXFileReference; fileEncoding = 4; lastKnownFileType = sourcecode.c.objc; path = RepoTableViewControllerTest.m; sourceTree = "<group>"; };
		7DCA07231C6E81450080194B /* MicroGitModel.xcdatamodel */ = {isa = PBXFileReference; lastKnownFileType = wrapper.xcdatamodel; path = MicroGitModel.xcdatamodel; sourceTree = "<group>"; };
		7DF220C51C707F99004F1CEF /* octicons.ttf */ = {isa = PBXFileReference; lastKnownFileType = file; path = octicons.ttf; sourceTree = "<group>"; };
		7DF220C71C708093004F1CEF /* LICENSE.txt */ = {isa = PBXFileReference; lastKnownFileType = text; path = LICENSE.txt; sourceTree = "<group>"; };
		7DF220C81C70866B004F1CEF /* OctIconConstants.h */ = {isa = PBXFileReference; fileEncoding = 4; lastKnownFileType = sourcecode.c.h; lineEnding = 0; path = OctIconConstants.h; sourceTree = "<group>"; xcLanguageSpecificationIdentifier = xcode.lang.objcpp; };
		7DF220C91C70866B004F1CEF /* OctIconConstants.m */ = {isa = PBXFileReference; fileEncoding = 4; lastKnownFileType = sourcecode.c.objc; lineEnding = 0; path = OctIconConstants.m; sourceTree = "<group>"; xcLanguageSpecificationIdentifier = xcode.lang.objc; };
		7DF220CC1C708E09004F1CEF /* MicroGitTheme.h */ = {isa = PBXFileReference; fileEncoding = 4; lastKnownFileType = sourcecode.c.h; path = MicroGitTheme.h; sourceTree = "<group>"; };
		7DF220CD1C708E09004F1CEF /* MicroGitTheme.m */ = {isa = PBXFileReference; fileEncoding = 4; lastKnownFileType = sourcecode.c.objc; path = MicroGitTheme.m; sourceTree = "<group>"; };
		7DF220CF1C709042004F1CEF /* UIColor+Theme.h */ = {isa = PBXFileReference; fileEncoding = 4; lastKnownFileType = sourcecode.c.h; path = "UIColor+Theme.h"; sourceTree = "<group>"; };
		7DF220D01C709042004F1CEF /* UIColor+Theme.m */ = {isa = PBXFileReference; fileEncoding = 4; lastKnownFileType = sourcecode.c.objc; path = "UIColor+Theme.m"; sourceTree = "<group>"; };
		7DF220D21C709064004F1CEF /* UIFont+Theme.h */ = {isa = PBXFileReference; fileEncoding = 4; lastKnownFileType = sourcecode.c.h; path = "UIFont+Theme.h"; sourceTree = "<group>"; };
		7DF220D31C709064004F1CEF /* UIFont+Theme.m */ = {isa = PBXFileReference; fileEncoding = 4; lastKnownFileType = sourcecode.c.objc; path = "UIFont+Theme.m"; sourceTree = "<group>"; };
		7DF220D61C7094DE004F1CEF /* MicroGitLabel.h */ = {isa = PBXFileReference; fileEncoding = 4; lastKnownFileType = sourcecode.c.h; path = MicroGitLabel.h; sourceTree = "<group>"; };
		7DF220D71C7094DE004F1CEF /* MicroGitLabel.m */ = {isa = PBXFileReference; fileEncoding = 4; lastKnownFileType = sourcecode.c.objc; path = MicroGitLabel.m; sourceTree = "<group>"; };
		7DF220D91C709E9A004F1CEF /* PaginatedTableViewController.h */ = {isa = PBXFileReference; fileEncoding = 4; lastKnownFileType = sourcecode.c.h; path = PaginatedTableViewController.h; sourceTree = "<group>"; };
		7DF220DA1C709E9A004F1CEF /* PaginatedTableViewController.m */ = {isa = PBXFileReference; fileEncoding = 4; lastKnownFileType = sourcecode.c.objc; path = PaginatedTableViewController.m; sourceTree = "<group>"; };
		7DF220DC1C70CCE3004F1CEF /* IssuesAPI.h */ = {isa = PBXFileReference; fileEncoding = 4; lastKnownFileType = sourcecode.c.h; path = IssuesAPI.h; sourceTree = "<group>"; };
		7DF220DD1C70CCE3004F1CEF /* IssuesAPI.m */ = {isa = PBXFileReference; fileEncoding = 4; lastKnownFileType = sourcecode.c.objc; lineEnding = 0; path = IssuesAPI.m; sourceTree = "<group>"; xcLanguageSpecificationIdentifier = xcode.lang.objc; };
		7DF220DF1C70CCFC004F1CEF /* ContributorsAPI.h */ = {isa = PBXFileReference; fileEncoding = 4; lastKnownFileType = sourcecode.c.h; path = ContributorsAPI.h; sourceTree = "<group>"; };
		7DF220E01C70CCFC004F1CEF /* ContributorsAPI.m */ = {isa = PBXFileReference; fileEncoding = 4; lastKnownFileType = sourcecode.c.objc; lineEnding = 0; path = ContributorsAPI.m; sourceTree = "<group>"; xcLanguageSpecificationIdentifier = xcode.lang.objc; };
		7DF220E71C712A23004F1CEF /* TitleLabel.h */ = {isa = PBXFileReference; fileEncoding = 4; lastKnownFileType = sourcecode.c.h; path = TitleLabel.h; sourceTree = "<group>"; };
		7DF220E81C712A23004F1CEF /* TitleLabel.m */ = {isa = PBXFileReference; fileEncoding = 4; lastKnownFileType = sourcecode.c.objc; path = TitleLabel.m; sourceTree = "<group>"; };
		7DF4D9961C6F9286007D47B3 /* APIClient.h */ = {isa = PBXFileReference; fileEncoding = 4; lastKnownFileType = sourcecode.c.h; path = APIClient.h; sourceTree = "<group>"; };
		7DF4D9971C6F9286007D47B3 /* APIClient.m */ = {isa = PBXFileReference; fileEncoding = 4; lastKnownFileType = sourcecode.c.objc; path = APIClient.m; sourceTree = "<group>"; };
		7DF4D9991C6FB685007D47B3 /* RepositoriesAPI.h */ = {isa = PBXFileReference; fileEncoding = 4; lastKnownFileType = sourcecode.c.h; path = RepositoriesAPI.h; sourceTree = "<group>"; };
		7DF4D99A1C6FB685007D47B3 /* RepositoriesAPI.m */ = {isa = PBXFileReference; fileEncoding = 4; lastKnownFileType = sourcecode.c.objc; lineEnding = 0; path = RepositoriesAPI.m; sourceTree = "<group>"; xcLanguageSpecificationIdentifier = xcode.lang.objc; };
		7DF4D99C1C6FB9C8007D47B3 /* BaseAPI.h */ = {isa = PBXFileReference; fileEncoding = 4; lastKnownFileType = sourcecode.c.h; path = BaseAPI.h; sourceTree = "<group>"; };
		7DF4D99D1C6FB9C8007D47B3 /* BaseAPI.m */ = {isa = PBXFileReference; fileEncoding = 4; lastKnownFileType = sourcecode.c.objc; lineEnding = 0; path = BaseAPI.m; sourceTree = "<group>"; xcLanguageSpecificationIdentifier = xcode.lang.objc; };
		7DF4D9A01C6FE42E007D47B3 /* BottomRefreshControl.h */ = {isa = PBXFileReference; fileEncoding = 4; lastKnownFileType = sourcecode.c.h; path = BottomRefreshControl.h; sourceTree = "<group>"; };
		7DF4D9A11C6FE42E007D47B3 /* BottomRefreshControl.m */ = {isa = PBXFileReference; fileEncoding = 4; lastKnownFileType = sourcecode.c.objc; path = BottomRefreshControl.m; sourceTree = "<group>"; };
		7DF4D9A31C6FE43F007D47B3 /* BottomRefreshControl.xib */ = {isa = PBXFileReference; fileEncoding = 4; lastKnownFileType = file.xib; path = BottomRefreshControl.xib; sourceTree = "<group>"; };
		7DF4D9A51C6FF4D4007D47B3 /* RepositoryDetailTableViewController.h */ = {isa = PBXFileReference; fileEncoding = 4; lastKnownFileType = sourcecode.c.h; path = RepositoryDetailTableViewController.h; sourceTree = "<group>"; };
		7DF4D9A61C6FF4D4007D47B3 /* RepositoryDetailTableViewController.m */ = {isa = PBXFileReference; fileEncoding = 4; lastKnownFileType = sourcecode.c.objc; path = RepositoryDetailTableViewController.m; sourceTree = "<group>"; };
		7DF4D9A81C6FF4E3007D47B3 /* ContributorsTableViewController.h */ = {isa = PBXFileReference; fileEncoding = 4; lastKnownFileType = sourcecode.c.h; path = ContributorsTableViewController.h; sourceTree = "<group>"; };
		7DF4D9A91C6FF4E3007D47B3 /* ContributorsTableViewController.m */ = {isa = PBXFileReference; fileEncoding = 4; lastKnownFileType = sourcecode.c.objc; path = ContributorsTableViewController.m; sourceTree = "<group>"; };
		7DF4D9AB1C6FF4F8007D47B3 /* IssuesTableViewController.h */ = {isa = PBXFileReference; fileEncoding = 4; lastKnownFileType = sourcecode.c.h; path = IssuesTableViewController.h; sourceTree = "<group>"; };
		7DF4D9AC1C6FF4F8007D47B3 /* IssuesTableViewController.m */ = {isa = PBXFileReference; fileEncoding = 4; lastKnownFileType = sourcecode.c.objc; path = IssuesTableViewController.m; sourceTree = "<group>"; };
		7DFA3B021C726345009B0F7D /* _GitContributorModel.h */ = {isa = PBXFileReference; fileEncoding = 4; lastKnownFileType = sourcecode.c.h; path = _GitContributorModel.h; sourceTree = "<group>"; };
		7DFA3B031C726345009B0F7D /* _GitContributorModel.m */ = {isa = PBXFileReference; fileEncoding = 4; lastKnownFileType = sourcecode.c.objc; path = _GitContributorModel.m; sourceTree = "<group>"; };
		7DFA3B051C726352009B0F7D /* GitContributorModel.h */ = {isa = PBXFileReference; fileEncoding = 4; lastKnownFileType = sourcecode.c.h; path = GitContributorModel.h; sourceTree = "<group>"; };
		7DFA3B061C726352009B0F7D /* GitContributorModel.m */ = {isa = PBXFileReference; fileEncoding = 4; lastKnownFileType = sourcecode.c.objc; path = GitContributorModel.m; sourceTree = "<group>"; };
		7DFCF1FC1C6F4DF80023FB31 /* _GitIssueModel.h */ = {isa = PBXFileReference; fileEncoding = 4; lastKnownFileType = sourcecode.c.h; path = _GitIssueModel.h; sourceTree = "<group>"; };
		7DFCF1FD1C6F4DF80023FB31 /* _GitIssueModel.m */ = {isa = PBXFileReference; fileEncoding = 4; lastKnownFileType = sourcecode.c.objc; path = _GitIssueModel.m; sourceTree = "<group>"; };
		7DFCF1FE1C6F4DF80023FB31 /* _GitRepositoryModel.h */ = {isa = PBXFileReference; fileEncoding = 4; lastKnownFileType = sourcecode.c.h; path = _GitRepositoryModel.h; sourceTree = "<group>"; };
		7DFCF1FF1C6F4DF80023FB31 /* _GitRepositoryModel.m */ = {isa = PBXFileReference; fileEncoding = 4; lastKnownFileType = sourcecode.c.objc; path = _GitRepositoryModel.m; sourceTree = "<group>"; };
		7DFCF2001C6F4DF80023FB31 /* _GitUserModel.h */ = {isa = PBXFileReference; fileEncoding = 4; lastKnownFileType = sourcecode.c.h; path = _GitUserModel.h; sourceTree = "<group>"; };
		7DFCF2011C6F4DF80023FB31 /* _GitUserModel.m */ = {isa = PBXFileReference; fileEncoding = 4; lastKnownFileType = sourcecode.c.objc; path = _GitUserModel.m; sourceTree = "<group>"; };
		7DFCF2021C6F4DF80023FB31 /* GitIssueModel.h */ = {isa = PBXFileReference; fileEncoding = 4; lastKnownFileType = sourcecode.c.h; path = GitIssueModel.h; sourceTree = "<group>"; };
		7DFCF2031C6F4DF80023FB31 /* GitIssueModel.m */ = {isa = PBXFileReference; fileEncoding = 4; lastKnownFileType = sourcecode.c.objc; path = GitIssueModel.m; sourceTree = "<group>"; };
		7DFCF2041C6F4DF80023FB31 /* GitRepositoryModel.h */ = {isa = PBXFileReference; fileEncoding = 4; lastKnownFileType = sourcecode.c.h; path = GitRepositoryModel.h; sourceTree = "<group>"; };
		7DFCF2051C6F4DF80023FB31 /* GitRepositoryModel.m */ = {isa = PBXFileReference; fileEncoding = 4; lastKnownFileType = sourcecode.c.objc; path = GitRepositoryModel.m; sourceTree = "<group>"; };
		7DFCF2061C6F4DF80023FB31 /* GitUserModel.h */ = {isa = PBXFileReference; fileEncoding = 4; lastKnownFileType = sourcecode.c.h; path = GitUserModel.h; sourceTree = "<group>"; };
		7DFCF2071C6F4DF80023FB31 /* GitUserModel.m */ = {isa = PBXFileReference; fileEncoding = 4; lastKnownFileType = sourcecode.c.objc; path = GitUserModel.m; sourceTree = "<group>"; };
		7DFCF20E1C6F6D800023FB31 /* BaseModel.h */ = {isa = PBXFileReference; fileEncoding = 4; lastKnownFileType = sourcecode.c.h; path = BaseModel.h; sourceTree = "<group>"; };
		7DFCF20F1C6F6D800023FB31 /* BaseModel.m */ = {isa = PBXFileReference; fileEncoding = 4; lastKnownFileType = sourcecode.c.objc; path = BaseModel.m; sourceTree = "<group>"; };
		83291FEEC92B5E0E3E7F0D7B /* Pods-Micro Git.release.xcconfig */ = {isa = PBXFileReference; includeInIndex = 1; lastKnownFileType = text.xcconfig; lineEnding = 0; name = "Pods-Micro Git.release.xcconfig"; path = "Pods/Target Support Files/Pods-Micro Git/Pods-Micro Git.release.xcconfig"; sourceTree = "<group>"; xcLanguageSpecificationIdentifier = xcode.lang.xcconfig; };
		ABA06E2199BE19C497053D1B /* libPods-Micro Git.a */ = {isa = PBXFileReference; explicitFileType = archive.ar; includeInIndex = 0; path = "libPods-Micro Git.a"; sourceTree = BUILT_PRODUCTS_DIR; };
		AE641B63EA6DADFF41F2F4D0 /* Pods-Micro GitTests.debug.xcconfig */ = {isa = PBXFileReference; includeInIndex = 1; lastKnownFileType = text.xcconfig; lineEnding = 0; name = "Pods-Micro GitTests.debug.xcconfig"; path = "Pods/Target Support Files/Pods-Micro GitTests/Pods-Micro GitTests.debug.xcconfig"; sourceTree = "<group>"; xcLanguageSpecificationIdentifier = xcode.lang.xcconfig; };
		C4F7FA479C9F3A63A64C7316 /* libPods-Micro GitTests.a */ = {isa = PBXFileReference; explicitFileType = archive.ar; includeInIndex = 0; path = "libPods-Micro GitTests.a"; sourceTree = BUILT_PRODUCTS_DIR; };
		CE4F19B2BB66AC8903B4AF58 /* Pods-Micro GitUITests.release.xcconfig */ = {isa = PBXFileReference; includeInIndex = 1; lastKnownFileType = text.xcconfig; lineEnding = 0; name = "Pods-Micro GitUITests.release.xcconfig"; path = "Pods/Target Support Files/Pods-Micro GitUITests/Pods-Micro GitUITests.release.xcconfig"; sourceTree = "<group>"; xcLanguageSpecificationIdentifier = xcode.lang.xcconfig; };
		EC7D2833AD4C4983F2F91EDE /* Pods-Micro Git.debug.xcconfig */ = {isa = PBXFileReference; includeInIndex = 1; lastKnownFileType = text.xcconfig; lineEnding = 0; name = "Pods-Micro Git.debug.xcconfig"; path = "Pods/Target Support Files/Pods-Micro Git/Pods-Micro Git.debug.xcconfig"; sourceTree = "<group>"; xcLanguageSpecificationIdentifier = xcode.lang.xcconfig; };
		EFB852916BEFD15CE2385355 /* libPods-Micro GitUITests.a */ = {isa = PBXFileReference; explicitFileType = archive.ar; includeInIndex = 0; path = "libPods-Micro GitUITests.a"; sourceTree = BUILT_PRODUCTS_DIR; };
		F47036B31C6D0234009365D9 /* Micro Git.app */ = {isa = PBXFileReference; explicitFileType = wrapper.application; includeInIndex = 0; path = "Micro Git.app"; sourceTree = BUILT_PRODUCTS_DIR; };
		F47036B71C6D0234009365D9 /* main.m */ = {isa = PBXFileReference; lastKnownFileType = sourcecode.c.objc; path = main.m; sourceTree = "<group>"; };
		F47036B91C6D0234009365D9 /* AppDelegate.h */ = {isa = PBXFileReference; lastKnownFileType = sourcecode.c.h; path = AppDelegate.h; sourceTree = "<group>"; };
		F47036BA1C6D0234009365D9 /* AppDelegate.m */ = {isa = PBXFileReference; lastKnownFileType = sourcecode.c.objc; path = AppDelegate.m; sourceTree = "<group>"; };
		F47036BC1C6D0234009365D9 /* RepositoriesTableViewController.h */ = {isa = PBXFileReference; lastKnownFileType = sourcecode.c.h; path = RepositoriesTableViewController.h; sourceTree = "<group>"; };
		F47036BD1C6D0234009365D9 /* RepositoriesTableViewController.m */ = {isa = PBXFileReference; lastKnownFileType = sourcecode.c.objc; path = RepositoriesTableViewController.m; sourceTree = "<group>"; };
		F47036C01C6D0234009365D9 /* Base */ = {isa = PBXFileReference; lastKnownFileType = file.storyboard; name = Base; path = Base.lproj/Main.storyboard; sourceTree = "<group>"; };
		F47036C21C6D0234009365D9 /* Assets.xcassets */ = {isa = PBXFileReference; lastKnownFileType = folder.assetcatalog; path = Assets.xcassets; sourceTree = "<group>"; };
		F47036C51C6D0234009365D9 /* Base */ = {isa = PBXFileReference; lastKnownFileType = file.storyboard; name = Base; path = Base.lproj/LaunchScreen.storyboard; sourceTree = "<group>"; };
		F47036C71C6D0234009365D9 /* Info.plist */ = {isa = PBXFileReference; lastKnownFileType = text.plist.xml; path = Info.plist; sourceTree = "<group>"; };
		F47036CC1C6D0234009365D9 /* Micro GitTests.xctest */ = {isa = PBXFileReference; explicitFileType = wrapper.cfbundle; includeInIndex = 0; path = "Micro GitTests.xctest"; sourceTree = BUILT_PRODUCTS_DIR; };
		F47036D01C6D0234009365D9 /* Micro_GitTests.m */ = {isa = PBXFileReference; lastKnownFileType = sourcecode.c.objc; path = Micro_GitTests.m; sourceTree = "<group>"; };
		F47036D21C6D0234009365D9 /* Info.plist */ = {isa = PBXFileReference; lastKnownFileType = text.plist.xml; path = Info.plist; sourceTree = "<group>"; };
		F47036D71C6D0234009365D9 /* Micro GitUITests.xctest */ = {isa = PBXFileReference; explicitFileType = wrapper.cfbundle; includeInIndex = 0; path = "Micro GitUITests.xctest"; sourceTree = BUILT_PRODUCTS_DIR; };
		F47036DB1C6D0234009365D9 /* Micro_GitUITests.m */ = {isa = PBXFileReference; lastKnownFileType = sourcecode.c.objc; path = Micro_GitUITests.m; sourceTree = "<group>"; };
		F47036DD1C6D0234009365D9 /* Info.plist */ = {isa = PBXFileReference; lastKnownFileType = text.plist.xml; path = Info.plist; sourceTree = "<group>"; };
		F47036E91C6D1107009365D9 /* iTunesArtwork.png */ = {isa = PBXFileReference; lastKnownFileType = image.png; path = iTunesArtwork.png; sourceTree = "<group>"; };
		F47036EA1C6D1107009365D9 /* iTunesArtwork@2x.png */ = {isa = PBXFileReference; lastKnownFileType = image.png; path = "iTunesArtwork@2x.png"; sourceTree = "<group>"; };
		FA2F5BD6F497D63509E9DA52 /* Pods-Micro GitTests.release.xcconfig */ = {isa = PBXFileReference; includeInIndex = 1; lastKnownFileType = text.xcconfig; lineEnding = 0; name = "Pods-Micro GitTests.release.xcconfig"; path = "Pods/Target Support Files/Pods-Micro GitTests/Pods-Micro GitTests.release.xcconfig"; sourceTree = "<group>"; xcLanguageSpecificationIdentifier = xcode.lang.xcconfig; };
/* End PBXFileReference section */

/* Begin PBXFrameworksBuildPhase section */
		F47036B01C6D0234009365D9 /* Frameworks */ = {
			isa = PBXFrameworksBuildPhase;
			buildActionMask = 2147483647;
			files = (
				EC7CA863453F73013F130A9E /* libPods-Micro Git.a in Frameworks */,
			);
			runOnlyForDeploymentPostprocessing = 0;
		};
		F47036C91C6D0234009365D9 /* Frameworks */ = {
			isa = PBXFrameworksBuildPhase;
			buildActionMask = 2147483647;
			files = (
				56627E9DE6B2375FF50EB53C /* libPods-Micro GitTests.a in Frameworks */,
			);
			runOnlyForDeploymentPostprocessing = 0;
		};
		F47036D41C6D0234009365D9 /* Frameworks */ = {
			isa = PBXFrameworksBuildPhase;
			buildActionMask = 2147483647;
			files = (
				1025B9FF2F362577FC17BFDB /* libPods-Micro GitUITests.a in Frameworks */,
			);
			runOnlyForDeploymentPostprocessing = 0;
		};
/* End PBXFrameworksBuildPhase section */

/* Begin PBXGroup section */
		7DCA07201C6E7C710080194B /* Model */ = {
			isa = PBXGroup;
			children = (
				7DCA07221C6E81450080194B /* MicroGitModel.xcdatamodeld */,
				7DFCF1FB1C6F4DF80023FB31 /* Objects */,
			);
			path = Model;
			sourceTree = "<group>";
		};
		7DCA07211C6E7C8E0080194B /* API */ = {
			isa = PBXGroup;
			children = (
				7DF4D9961C6F9286007D47B3 /* APIClient.h */,
				7DF4D9971C6F9286007D47B3 /* APIClient.m */,
				7DF4D9991C6FB685007D47B3 /* RepositoriesAPI.h */,
				7DF4D99A1C6FB685007D47B3 /* RepositoriesAPI.m */,
				7DF4D99C1C6FB9C8007D47B3 /* BaseAPI.h */,
				7DF4D99D1C6FB9C8007D47B3 /* BaseAPI.m */,
				7DF220DC1C70CCE3004F1CEF /* IssuesAPI.h */,
				7DF220DD1C70CCE3004F1CEF /* IssuesAPI.m */,
				7DF220DF1C70CCFC004F1CEF /* ContributorsAPI.h */,
				7DF220E01C70CCFC004F1CEF /* ContributorsAPI.m */,
			);
			path = API;
			sourceTree = "<group>";
		};
		7DF220C21C707E8A004F1CEF /* GitFont */ = {
			isa = PBXGroup;
			children = (
				7DF220C71C708093004F1CEF /* LICENSE.txt */,
				7DF220C51C707F99004F1CEF /* octicons.ttf */,
				7DF220C81C70866B004F1CEF /* OctIconConstants.h */,
				7DF220C91C70866B004F1CEF /* OctIconConstants.m */,
			);
			path = GitFont;
			sourceTree = "<group>";
		};
		7DF220CB1C708DE7004F1CEF /* Theme */ = {
			isa = PBXGroup;
			children = (
				7DF220CC1C708E09004F1CEF /* MicroGitTheme.h */,
				7DF220CD1C708E09004F1CEF /* MicroGitTheme.m */,
				7DF220CF1C709042004F1CEF /* UIColor+Theme.h */,
				7DF220D01C709042004F1CEF /* UIColor+Theme.m */,
				7DF220D21C709064004F1CEF /* UIFont+Theme.h */,
				7DF220D31C709064004F1CEF /* UIFont+Theme.m */,
			);
			path = Theme;
			sourceTree = "<group>";
		};
		7DF220D51C7094B7004F1CEF /* CustomViews */ = {
			isa = PBXGroup;
			children = (
				7DF220D61C7094DE004F1CEF /* MicroGitLabel.h */,
				7DF220D71C7094DE004F1CEF /* MicroGitLabel.m */,
				7DF220E71C712A23004F1CEF /* TitleLabel.h */,
				7DF220E81C712A23004F1CEF /* TitleLabel.m */,
			);
			path = CustomViews;
			sourceTree = "<group>";
		};
		7DF220E21C7106D7004F1CEF /* Controllers */ = {
			isa = PBXGroup;
			children = (
				7DF220D91C709E9A004F1CEF /* PaginatedTableViewController.h */,
				7DF220DA1C709E9A004F1CEF /* PaginatedTableViewController.m */,
				F47036BC1C6D0234009365D9 /* RepositoriesTableViewController.h */,
				F47036BD1C6D0234009365D9 /* RepositoriesTableViewController.m */,
				7DF4D9A51C6FF4D4007D47B3 /* RepositoryDetailTableViewController.h */,
				7DF4D9A61C6FF4D4007D47B3 /* RepositoryDetailTableViewController.m */,
				7DF4D9A81C6FF4E3007D47B3 /* ContributorsTableViewController.h */,
				7DF4D9A91C6FF4E3007D47B3 /* ContributorsTableViewController.m */,
				7DF4D9AB1C6FF4F8007D47B3 /* IssuesTableViewController.h */,
				7DF4D9AC1C6FF4F8007D47B3 /* IssuesTableViewController.m */,
			);
			name = Controllers;
			sourceTree = "<group>";
		};
		7DF4D99F1C6FE3FF007D47B3 /* BottomRefreshControl */ = {
			isa = PBXGroup;
			children = (
				7DF4D9A01C6FE42E007D47B3 /* BottomRefreshControl.h */,
				7DF4D9A11C6FE42E007D47B3 /* BottomRefreshControl.m */,
				7DF4D9A31C6FE43F007D47B3 /* BottomRefreshControl.xib */,
			);
			path = BottomRefreshControl;
			sourceTree = "<group>";
		};
		7DFCF1FB1C6F4DF80023FB31 /* Objects */ = {
			isa = PBXGroup;
			children = (
				7DFCF1FC1C6F4DF80023FB31 /* _GitIssueModel.h */,
				7DFCF1FD1C6F4DF80023FB31 /* _GitIssueModel.m */,
				7DFCF1FE1C6F4DF80023FB31 /* _GitRepositoryModel.h */,
				7DFCF1FF1C6F4DF80023FB31 /* _GitRepositoryModel.m */,
				7DFCF2001C6F4DF80023FB31 /* _GitUserModel.h */,
				7DFCF2011C6F4DF80023FB31 /* _GitUserModel.m */,
				7DFA3B021C726345009B0F7D /* _GitContributorModel.h */,
				7DFA3B031C726345009B0F7D /* _GitContributorModel.m */,
				7DFCF2021C6F4DF80023FB31 /* GitIssueModel.h */,
				7DFCF2031C6F4DF80023FB31 /* GitIssueModel.m */,
				7DFCF2041C6F4DF80023FB31 /* GitRepositoryModel.h */,
				7DFCF2051C6F4DF80023FB31 /* GitRepositoryModel.m */,
				7DFCF2061C6F4DF80023FB31 /* GitUserModel.h */,
				7DFCF2071C6F4DF80023FB31 /* GitUserModel.m */,
				7DFCF20E1C6F6D800023FB31 /* BaseModel.h */,
				7DFCF20F1C6F6D800023FB31 /* BaseModel.m */,
				7DFA3B051C726352009B0F7D /* GitContributorModel.h */,
				7DFA3B061C726352009B0F7D /* GitContributorModel.m */,
			);
			path = Objects;
			sourceTree = "<group>";
		};
		D4EF137163E938C638E31A91 /* Pods */ = {
			isa = PBXGroup;
			children = (
				EC7D2833AD4C4983F2F91EDE /* Pods-Micro Git.debug.xcconfig */,
				83291FEEC92B5E0E3E7F0D7B /* Pods-Micro Git.release.xcconfig */,
				AE641B63EA6DADFF41F2F4D0 /* Pods-Micro GitTests.debug.xcconfig */,
				FA2F5BD6F497D63509E9DA52 /* Pods-Micro GitTests.release.xcconfig */,
				6D5F224A2444D71C02D6E287 /* Pods-Micro GitUITests.debug.xcconfig */,
				CE4F19B2BB66AC8903B4AF58 /* Pods-Micro GitUITests.release.xcconfig */,
			);
			name = Pods;
			sourceTree = "<group>";
		};
		F30899E0369D02ABAB7FC9A7 /* Frameworks */ = {
			isa = PBXGroup;
			children = (
				ABA06E2199BE19C497053D1B /* libPods-Micro Git.a */,
				C4F7FA479C9F3A63A64C7316 /* libPods-Micro GitTests.a */,
				EFB852916BEFD15CE2385355 /* libPods-Micro GitUITests.a */,
			);
			name = Frameworks;
			sourceTree = "<group>";
		};
		F47036AA1C6D0234009365D9 = {
			isa = PBXGroup;
			children = (
				F47036B51C6D0234009365D9 /* Micro Git */,
				F47036CF1C6D0234009365D9 /* Micro GitTests */,
				F47036DA1C6D0234009365D9 /* Micro GitUITests */,
				F47036B41C6D0234009365D9 /* Products */,
				D4EF137163E938C638E31A91 /* Pods */,
				F30899E0369D02ABAB7FC9A7 /* Frameworks */,
			);
			sourceTree = "<group>";
		};
		F47036B41C6D0234009365D9 /* Products */ = {
			isa = PBXGroup;
			children = (
				F47036B31C6D0234009365D9 /* Micro Git.app */,
				F47036CC1C6D0234009365D9 /* Micro GitTests.xctest */,
				F47036D71C6D0234009365D9 /* Micro GitUITests.xctest */,
			);
			name = Products;
			sourceTree = "<group>";
		};
		F47036B51C6D0234009365D9 /* Micro Git */ = {
			isa = PBXGroup;
			children = (
				7DF220D51C7094B7004F1CEF /* CustomViews */,
				7DF220CB1C708DE7004F1CEF /* Theme */,
				7DF220C21C707E8A004F1CEF /* GitFont */,
				7DF4D99F1C6FE3FF007D47B3 /* BottomRefreshControl */,
				7DCA07211C6E7C8E0080194B /* API */,
				7DCA07201C6E7C710080194B /* Model */,
				F47036B91C6D0234009365D9 /* AppDelegate.h */,
				F47036BA1C6D0234009365D9 /* AppDelegate.m */,
				7DF220E21C7106D7004F1CEF /* Controllers */,
				F47036BF1C6D0234009365D9 /* Main.storyboard */,
				F47036C21C6D0234009365D9 /* Assets.xcassets */,
				F47036C41C6D0234009365D9 /* LaunchScreen.storyboard */,
				F47036C71C6D0234009365D9 /* Info.plist */,
				F47036E91C6D1107009365D9 /* iTunesArtwork.png */,
				F47036EA1C6D1107009365D9 /* iTunesArtwork@2x.png */,
				F47036B61C6D0234009365D9 /* Supporting Files */,
			);
			path = "Micro Git";
			sourceTree = "<group>";
		};
		F47036B61C6D0234009365D9 /* Supporting Files */ = {
			isa = PBXGroup;
			children = (
				F47036B71C6D0234009365D9 /* main.m */,
			);
			name = "Supporting Files";
			sourceTree = "<group>";
		};
		F47036CF1C6D0234009365D9 /* Micro GitTests */ = {
			isa = PBXGroup;
			children = (
				F47036D01C6D0234009365D9 /* Micro_GitTests.m */,
				7DC6AC781C750BD6002A14A4 /* RepoTableViewControllerTest.m */,
				F47036D21C6D0234009365D9 /* Info.plist */,
			);
			path = "Micro GitTests";
			sourceTree = "<group>";
		};
		F47036DA1C6D0234009365D9 /* Micro GitUITests */ = {
			isa = PBXGroup;
			children = (
				F47036DB1C6D0234009365D9 /* Micro_GitUITests.m */,
				F47036DD1C6D0234009365D9 /* Info.plist */,
			);
			path = "Micro GitUITests";
			sourceTree = "<group>";
		};
/* End PBXGroup section */

/* Begin PBXNativeTarget section */
		F47036B21C6D0234009365D9 /* Micro Git */ = {
			isa = PBXNativeTarget;
			buildConfigurationList = F47036E01C6D0234009365D9 /* Build configuration list for PBXNativeTarget "Micro Git" */;
			buildPhases = (
				C30CDB1D99DC558CFAE54DE0 /* Check Pods Manifest.lock */,
				F47036AF1C6D0234009365D9 /* Sources */,
				F47036B01C6D0234009365D9 /* Frameworks */,
				F47036B11C6D0234009365D9 /* Resources */,
				4F5DDDAAD739055600D39596 /* Embed Pods Frameworks */,
				C962F07D624A04A5A6215E31 /* Copy Pods Resources */,
			);
			buildRules = (
			);
			dependencies = (
			);
			name = "Micro Git";
			productName = "Micro Git";
			productReference = F47036B31C6D0234009365D9 /* Micro Git.app */;
			productType = "com.apple.product-type.application";
		};
		F47036CB1C6D0234009365D9 /* Micro GitTests */ = {
			isa = PBXNativeTarget;
			buildConfigurationList = F47036E31C6D0234009365D9 /* Build configuration list for PBXNativeTarget "Micro GitTests" */;
			buildPhases = (
				7232B7BBB44E911B17C9C320 /* Check Pods Manifest.lock */,
				F47036C81C6D0234009365D9 /* Sources */,
				F47036C91C6D0234009365D9 /* Frameworks */,
				F47036CA1C6D0234009365D9 /* Resources */,
				F0E746715E43A9A9AA237B08 /* Embed Pods Frameworks */,
				A4F50B722795F3390578AE2A /* Copy Pods Resources */,
			);
			buildRules = (
			);
			dependencies = (
				F47036CE1C6D0234009365D9 /* PBXTargetDependency */,
			);
			name = "Micro GitTests";
			productName = "Micro GitTests";
			productReference = F47036CC1C6D0234009365D9 /* Micro GitTests.xctest */;
			productType = "com.apple.product-type.bundle.unit-test";
		};
		F47036D61C6D0234009365D9 /* Micro GitUITests */ = {
			isa = PBXNativeTarget;
			buildConfigurationList = F47036E61C6D0234009365D9 /* Build configuration list for PBXNativeTarget "Micro GitUITests" */;
			buildPhases = (
				5B7C5DE5A416A554CDF7325F /* Check Pods Manifest.lock */,
				F47036D31C6D0234009365D9 /* Sources */,
				F47036D41C6D0234009365D9 /* Frameworks */,
				F47036D51C6D0234009365D9 /* Resources */,
				55563C6A510A76B3CB699398 /* Copy Pods Resources */,
			);
			buildRules = (
			);
			dependencies = (
				F47036D91C6D0234009365D9 /* PBXTargetDependency */,
			);
			name = "Micro GitUITests";
			productName = "Micro GitUITests";
			productReference = F47036D71C6D0234009365D9 /* Micro GitUITests.xctest */;
			productType = "com.apple.product-type.bundle.ui-testing";
		};
/* End PBXNativeTarget section */

/* Begin PBXProject section */
		F47036AB1C6D0234009365D9 /* Project object */ = {
			isa = PBXProject;
			attributes = {
				LastUpgradeCheck = 0720;
				ORGANIZATIONNAME = Nabeel;
				TargetAttributes = {
					7DF9E7C01C6F12B900137669 = {
						CreatedOnToolsVersion = 7.2;
					};
					F47036B21C6D0234009365D9 = {
						CreatedOnToolsVersion = 7.2;
						DevelopmentTeam = 9FH974544H;
					};
					F47036CB1C6D0234009365D9 = {
						CreatedOnToolsVersion = 7.2;
						TestTargetID = F47036B21C6D0234009365D9;
					};
					F47036D61C6D0234009365D9 = {
						CreatedOnToolsVersion = 7.2;
						TestTargetID = F47036B21C6D0234009365D9;
					};
				};
			};
			buildConfigurationList = F47036AE1C6D0234009365D9 /* Build configuration list for PBXProject "Micro Git" */;
			compatibilityVersion = "Xcode 3.2";
			developmentRegion = English;
			hasScannedForEncodings = 0;
			knownRegions = (
				en,
				Base,
			);
			mainGroup = F47036AA1C6D0234009365D9;
			productRefGroup = F47036B41C6D0234009365D9 /* Products */;
			projectDirPath = "";
			projectRoot = "";
			targets = (
				F47036B21C6D0234009365D9 /* Micro Git */,
				F47036CB1C6D0234009365D9 /* Micro GitTests */,
				F47036D61C6D0234009365D9 /* Micro GitUITests */,
				7DF9E7C01C6F12B900137669 /* Mogenerator */,
			);
		};
/* End PBXProject section */

/* Begin PBXResourcesBuildPhase section */
		F47036B11C6D0234009365D9 /* Resources */ = {
			isa = PBXResourcesBuildPhase;
			buildActionMask = 2147483647;
			files = (
				F47036C61C6D0234009365D9 /* LaunchScreen.storyboard in Resources */,
				F47036EC1C6D1107009365D9 /* iTunesArtwork@2x.png in Resources */,
				7DF220C61C707F99004F1CEF /* octicons.ttf in Resources */,
				7DF4D9A41C6FE43F007D47B3 /* BottomRefreshControl.xib in Resources */,
				F47036C31C6D0234009365D9 /* Assets.xcassets in Resources */,
				F47036EB1C6D1107009365D9 /* iTunesArtwork.png in Resources */,
				F47036C11C6D0234009365D9 /* Main.storyboard in Resources */,
			);
			runOnlyForDeploymentPostprocessing = 0;
		};
		F47036CA1C6D0234009365D9 /* Resources */ = {
			isa = PBXResourcesBuildPhase;
			buildActionMask = 2147483647;
			files = (
			);
			runOnlyForDeploymentPostprocessing = 0;
		};
		F47036D51C6D0234009365D9 /* Resources */ = {
			isa = PBXResourcesBuildPhase;
			buildActionMask = 2147483647;
			files = (
			);
			runOnlyForDeploymentPostprocessing = 0;
		};
/* End PBXResourcesBuildPhase section */

/* Begin PBXShellScriptBuildPhase section */
		4F5DDDAAD739055600D39596 /* Embed Pods Frameworks */ = {
			isa = PBXShellScriptBuildPhase;
			buildActionMask = 2147483647;
			files = (
			);
			inputPaths = (
			);
			name = "Embed Pods Frameworks";
			outputPaths = (
			);
			runOnlyForDeploymentPostprocessing = 0;
			shellPath = /bin/sh;
			shellScript = "\"${SRCROOT}/Pods/Target Support Files/Pods-Micro Git/Pods-Micro Git-frameworks.sh\"\n";
			showEnvVarsInLog = 0;
		};
		55563C6A510A76B3CB699398 /* Copy Pods Resources */ = {
			isa = PBXShellScriptBuildPhase;
			buildActionMask = 2147483647;
			files = (
			);
			inputPaths = (
			);
			name = "Copy Pods Resources";
			outputPaths = (
			);
			runOnlyForDeploymentPostprocessing = 0;
			shellPath = /bin/sh;
			shellScript = "\"${SRCROOT}/Pods/Target Support Files/Pods-Micro GitUITests/Pods-Micro GitUITests-resources.sh\"\n";
			showEnvVarsInLog = 0;
		};
		5B7C5DE5A416A554CDF7325F /* Check Pods Manifest.lock */ = {
			isa = PBXShellScriptBuildPhase;
			buildActionMask = 2147483647;
			files = (
			);
			inputPaths = (
			);
			name = "Check Pods Manifest.lock";
			outputPaths = (
			);
			runOnlyForDeploymentPostprocessing = 0;
			shellPath = /bin/sh;
			shellScript = "diff \"${PODS_ROOT}/../Podfile.lock\" \"${PODS_ROOT}/Manifest.lock\" > /dev/null\nif [[ $? != 0 ]] ; then\n    cat << EOM\nerror: The sandbox is not in sync with the Podfile.lock. Run 'pod install' or update your CocoaPods installation.\nEOM\n    exit 1\nfi\n";
			showEnvVarsInLog = 0;
		};
		7232B7BBB44E911B17C9C320 /* Check Pods Manifest.lock */ = {
			isa = PBXShellScriptBuildPhase;
			buildActionMask = 2147483647;
			files = (
			);
			inputPaths = (
			);
			name = "Check Pods Manifest.lock";
			outputPaths = (
			);
			runOnlyForDeploymentPostprocessing = 0;
			shellPath = /bin/sh;
			shellScript = "diff \"${PODS_ROOT}/../Podfile.lock\" \"${PODS_ROOT}/Manifest.lock\" > /dev/null\nif [[ $? != 0 ]] ; then\n    cat << EOM\nerror: The sandbox is not in sync with the Podfile.lock. Run 'pod install' or update your CocoaPods installation.\nEOM\n    exit 1\nfi\n";
			showEnvVarsInLog = 0;
		};
		7DF9E7C41C6F12C400137669 /* Mogenerator Run Script */ = {
			isa = PBXShellScriptBuildPhase;
			buildActionMask = 2147483647;
			files = (
			);
			inputPaths = (
			);
			name = "Mogenerator Run Script";
			outputPaths = (
			);
			runOnlyForDeploymentPostprocessing = 0;
			shellPath = /bin/sh;
			shellScript = "mogenerator -m Micro\\ Git/Model/MicroGitModel.xcdatamodeld -O Micro\\ Git/Model/Objects --template-var arc=true --base-class BaseModel";
		};
		A4F50B722795F3390578AE2A /* Copy Pods Resources */ = {
			isa = PBXShellScriptBuildPhase;
			buildActionMask = 2147483647;
			files = (
			);
			inputPaths = (
			);
			name = "Copy Pods Resources";
			outputPaths = (
			);
			runOnlyForDeploymentPostprocessing = 0;
			shellPath = /bin/sh;
			shellScript = "\"${SRCROOT}/Pods/Target Support Files/Pods-Micro GitTests/Pods-Micro GitTests-resources.sh\"\n";
			showEnvVarsInLog = 0;
		};
		C30CDB1D99DC558CFAE54DE0 /* Check Pods Manifest.lock */ = {
			isa = PBXShellScriptBuildPhase;
			buildActionMask = 2147483647;
			files = (
			);
			inputPaths = (
			);
			name = "Check Pods Manifest.lock";
			outputPaths = (
			);
			runOnlyForDeploymentPostprocessing = 0;
			shellPath = /bin/sh;
			shellScript = "diff \"${PODS_ROOT}/../Podfile.lock\" \"${PODS_ROOT}/Manifest.lock\" > /dev/null\nif [[ $? != 0 ]] ; then\n    cat << EOM\nerror: The sandbox is not in sync with the Podfile.lock. Run 'pod install' or update your CocoaPods installation.\nEOM\n    exit 1\nfi\n";
			showEnvVarsInLog = 0;
		};
		C962F07D624A04A5A6215E31 /* Copy Pods Resources */ = {
			isa = PBXShellScriptBuildPhase;
			buildActionMask = 2147483647;
			files = (
			);
			inputPaths = (
			);
			name = "Copy Pods Resources";
			outputPaths = (
			);
			runOnlyForDeploymentPostprocessing = 0;
			shellPath = /bin/sh;
			shellScript = "\"${SRCROOT}/Pods/Target Support Files/Pods-Micro Git/Pods-Micro Git-resources.sh\"\n";
			showEnvVarsInLog = 0;
		};
		F0E746715E43A9A9AA237B08 /* Embed Pods Frameworks */ = {
			isa = PBXShellScriptBuildPhase;
			buildActionMask = 2147483647;
			files = (
			);
			inputPaths = (
			);
			name = "Embed Pods Frameworks";
			outputPaths = (
			);
			runOnlyForDeploymentPostprocessing = 0;
			shellPath = /bin/sh;
			shellScript = "\"${SRCROOT}/Pods/Target Support Files/Pods-Micro GitTests/Pods-Micro GitTests-frameworks.sh\"\n";
			showEnvVarsInLog = 0;
		};
/* End PBXShellScriptBuildPhase section */

/* Begin PBXSourcesBuildPhase section */
		F47036AF1C6D0234009365D9 /* Sources */ = {
			isa = PBXSourcesBuildPhase;
			buildActionMask = 2147483647;
			files = (
				7DF220E91C712A23004F1CEF /* TitleLabel.m in Sources */,
				7DFCF20B1C6F4DF80023FB31 /* GitIssueModel.m in Sources */,
				7DF4D9AA1C6FF4E3007D47B3 /* ContributorsTableViewController.m in Sources */,
				7DFCF2091C6F4DF80023FB31 /* _GitRepositoryModel.m in Sources */,
				F47036BE1C6D0234009365D9 /* RepositoriesTableViewController.m in Sources */,
				7DF4D9A21C6FE42E007D47B3 /* BottomRefreshControl.m in Sources */,
				7DF4D9AD1C6FF4F8007D47B3 /* IssuesTableViewController.m in Sources */,
				7DF220D41C709064004F1CEF /* UIFont+Theme.m in Sources */,
				7DFCF2101C6F6D800023FB31 /* BaseModel.m in Sources */,
				7DCA07241C6E81450080194B /* MicroGitModel.xcdatamodeld in Sources */,
				7DF220DB1C709E9A004F1CEF /* PaginatedTableViewController.m in Sources */,
				7DF220D11C709042004F1CEF /* UIColor+Theme.m in Sources */,
				7DF220DE1C70CCE3004F1CEF /* IssuesAPI.m in Sources */,
				7DF220E11C70CCFC004F1CEF /* ContributorsAPI.m in Sources */,
				7DF4D99E1C6FB9C8007D47B3 /* BaseAPI.m in Sources */,
				F47036BB1C6D0234009365D9 /* AppDelegate.m in Sources */,
				7DFA3B071C726352009B0F7D /* GitContributorModel.m in Sources */,
				7DF4D99B1C6FB685007D47B3 /* RepositoriesAPI.m in Sources */,
				7DF220CE1C708E09004F1CEF /* MicroGitTheme.m in Sources */,
				F47036B81C6D0234009365D9 /* main.m in Sources */,
				7DF220D81C7094DE004F1CEF /* MicroGitLabel.m in Sources */,
				7DFA3B041C726345009B0F7D /* _GitContributorModel.m in Sources */,
				7DF220CA1C70866B004F1CEF /* OctIconConstants.m in Sources */,
				7DF4D9A71C6FF4D4007D47B3 /* RepositoryDetailTableViewController.m in Sources */,
				7DF4D9981C6F9286007D47B3 /* APIClient.m in Sources */,
				7DFCF20C1C6F4DF80023FB31 /* GitRepositoryModel.m in Sources */,
				7DFCF2081C6F4DF80023FB31 /* _GitIssueModel.m in Sources */,
				7DFCF20A1C6F4DF80023FB31 /* _GitUserModel.m in Sources */,
				7DFCF20D1C6F4DF80023FB31 /* GitUserModel.m in Sources */,
			);
			runOnlyForDeploymentPostprocessing = 0;
		};
		F47036C81C6D0234009365D9 /* Sources */ = {
			isa = PBXSourcesBuildPhase;
			buildActionMask = 2147483647;
			files = (
				F47036D11C6D0234009365D9 /* Micro_GitTests.m in Sources */,
				7DC6AC791C750BD6002A14A4 /* RepoTableViewControllerTest.m in Sources */,
			);
			runOnlyForDeploymentPostprocessing = 0;
		};
		F47036D31C6D0234009365D9 /* Sources */ = {
			isa = PBXSourcesBuildPhase;
			buildActionMask = 2147483647;
			files = (
				F47036DC1C6D0234009365D9 /* Micro_GitUITests.m in Sources */,
			);
			runOnlyForDeploymentPostprocessing = 0;
		};
/* End PBXSourcesBuildPhase section */

/* Begin PBXTargetDependency section */
		F47036CE1C6D0234009365D9 /* PBXTargetDependency */ = {
			isa = PBXTargetDependency;
			target = F47036B21C6D0234009365D9 /* Micro Git */;
			targetProxy = F47036CD1C6D0234009365D9 /* PBXContainerItemProxy */;
		};
		F47036D91C6D0234009365D9 /* PBXTargetDependency */ = {
			isa = PBXTargetDependency;
			target = F47036B21C6D0234009365D9 /* Micro Git */;
			targetProxy = F47036D81C6D0234009365D9 /* PBXContainerItemProxy */;
		};
/* End PBXTargetDependency section */

/* Begin PBXVariantGroup section */
		F47036BF1C6D0234009365D9 /* Main.storyboard */ = {
			isa = PBXVariantGroup;
			children = (
				F47036C01C6D0234009365D9 /* Base */,
			);
			name = Main.storyboard;
			sourceTree = "<group>";
		};
		F47036C41C6D0234009365D9 /* LaunchScreen.storyboard */ = {
			isa = PBXVariantGroup;
			children = (
				F47036C51C6D0234009365D9 /* Base */,
			);
			name = LaunchScreen.storyboard;
			sourceTree = "<group>";
		};
/* End PBXVariantGroup section */

/* Begin XCBuildConfiguration section */
		7DF9E7C11C6F12B900137669 /* Debug */ = {
			isa = XCBuildConfiguration;
			buildSettings = {
				PRODUCT_NAME = "$(TARGET_NAME)";
			};
			name = Debug;
		};
		7DF9E7C21C6F12B900137669 /* Release */ = {
			isa = XCBuildConfiguration;
			buildSettings = {
				PRODUCT_NAME = "$(TARGET_NAME)";
			};
			name = Release;
		};
		F47036DE1C6D0234009365D9 /* Debug */ = {
			isa = XCBuildConfiguration;
			buildSettings = {
				ALWAYS_SEARCH_USER_PATHS = NO;
				CLANG_CXX_LANGUAGE_STANDARD = "gnu++0x";
				CLANG_CXX_LIBRARY = "libc++";
				CLANG_ENABLE_MODULES = YES;
				CLANG_ENABLE_OBJC_ARC = YES;
				CLANG_WARN_BOOL_CONVERSION = YES;
				CLANG_WARN_CONSTANT_CONVERSION = YES;
				CLANG_WARN_DIRECT_OBJC_ISA_USAGE = YES_ERROR;
				CLANG_WARN_EMPTY_BODY = YES;
				CLANG_WARN_ENUM_CONVERSION = YES;
				CLANG_WARN_INT_CONVERSION = YES;
				CLANG_WARN_OBJC_ROOT_CLASS = YES_ERROR;
				CLANG_WARN_UNREACHABLE_CODE = YES;
				CLANG_WARN__DUPLICATE_METHOD_MATCH = YES;
				"CODE_SIGN_IDENTITY[sdk=iphoneos*]" = "iPhone Developer";
				COPY_PHASE_STRIP = NO;
				DEBUG_INFORMATION_FORMAT = dwarf;
				ENABLE_STRICT_OBJC_MSGSEND = YES;
				ENABLE_TESTABILITY = YES;
				GCC_C_LANGUAGE_STANDARD = gnu99;
				GCC_DYNAMIC_NO_PIC = NO;
				GCC_NO_COMMON_BLOCKS = YES;
				GCC_OPTIMIZATION_LEVEL = 0;
				GCC_PREPROCESSOR_DEFINITIONS = (
					"DEBUG=1",
					"$(inherited)",
				);
				GCC_WARN_64_TO_32_BIT_CONVERSION = YES;
				GCC_WARN_ABOUT_RETURN_TYPE = YES_ERROR;
				GCC_WARN_UNDECLARED_SELECTOR = YES;
				GCC_WARN_UNINITIALIZED_AUTOS = YES_AGGRESSIVE;
				GCC_WARN_UNUSED_FUNCTION = YES;
				GCC_WARN_UNUSED_VARIABLE = YES;
				IPHONEOS_DEPLOYMENT_TARGET = 9.2;
				MTL_ENABLE_DEBUG_INFO = YES;
				ONLY_ACTIVE_ARCH = YES;
				SDKROOT = iphoneos;
				TARGETED_DEVICE_FAMILY = "1,2";
			};
			name = Debug;
		};
		F47036DF1C6D0234009365D9 /* Release */ = {
			isa = XCBuildConfiguration;
			buildSettings = {
				ALWAYS_SEARCH_USER_PATHS = NO;
				CLANG_CXX_LANGUAGE_STANDARD = "gnu++0x";
				CLANG_CXX_LIBRARY = "libc++";
				CLANG_ENABLE_MODULES = YES;
				CLANG_ENABLE_OBJC_ARC = YES;
				CLANG_WARN_BOOL_CONVERSION = YES;
				CLANG_WARN_CONSTANT_CONVERSION = YES;
				CLANG_WARN_DIRECT_OBJC_ISA_USAGE = YES_ERROR;
				CLANG_WARN_EMPTY_BODY = YES;
				CLANG_WARN_ENUM_CONVERSION = YES;
				CLANG_WARN_INT_CONVERSION = YES;
				CLANG_WARN_OBJC_ROOT_CLASS = YES_ERROR;
				CLANG_WARN_UNREACHABLE_CODE = YES;
				CLANG_WARN__DUPLICATE_METHOD_MATCH = YES;
				"CODE_SIGN_IDENTITY[sdk=iphoneos*]" = "iPhone Developer";
				COPY_PHASE_STRIP = NO;
				DEBUG_INFORMATION_FORMAT = "dwarf-with-dsym";
				ENABLE_NS_ASSERTIONS = NO;
				ENABLE_STRICT_OBJC_MSGSEND = YES;
				GCC_C_LANGUAGE_STANDARD = gnu99;
				GCC_NO_COMMON_BLOCKS = YES;
				GCC_WARN_64_TO_32_BIT_CONVERSION = YES;
				GCC_WARN_ABOUT_RETURN_TYPE = YES_ERROR;
				GCC_WARN_UNDECLARED_SELECTOR = YES;
				GCC_WARN_UNINITIALIZED_AUTOS = YES_AGGRESSIVE;
				GCC_WARN_UNUSED_FUNCTION = YES;
				GCC_WARN_UNUSED_VARIABLE = YES;
				IPHONEOS_DEPLOYMENT_TARGET = 9.2;
				MTL_ENABLE_DEBUG_INFO = NO;
				SDKROOT = iphoneos;
				TARGETED_DEVICE_FAMILY = "1,2";
				VALIDATE_PRODUCT = YES;
			};
			name = Release;
		};
		F47036E11C6D0234009365D9 /* Debug */ = {
			isa = XCBuildConfiguration;
			baseConfigurationReference = EC7D2833AD4C4983F2F91EDE /* Pods-Micro Git.debug.xcconfig */;
			buildSettings = {
				ASSETCATALOG_COMPILER_APPICON_NAME = AppIcon;
				CODE_SIGN_IDENTITY = "iPhone Developer";
				DEFINES_MODULE = NO;
				INFOPLIST_FILE = "Micro Git/Info.plist";
				IPHONEOS_DEPLOYMENT_TARGET = 8.0;
				LD_RUNPATH_SEARCH_PATHS = "$(inherited) @executable_path/Frameworks";
				PRODUCT_BUNDLE_IDENTIFIER = "com.nabeel.Micro-Git";
				PRODUCT_NAME = "$(TARGET_NAME)";
			};
			name = Debug;
		};
		F47036E21C6D0234009365D9 /* Release */ = {
			isa = XCBuildConfiguration;
			baseConfigurationReference = 83291FEEC92B5E0E3E7F0D7B /* Pods-Micro Git.release.xcconfig */;
			buildSettings = {
				ASSETCATALOG_COMPILER_APPICON_NAME = AppIcon;
				CODE_SIGN_IDENTITY = "iPhone Developer";
				DEFINES_MODULE = NO;
				INFOPLIST_FILE = "Micro Git/Info.plist";
				IPHONEOS_DEPLOYMENT_TARGET = 8.0;
				LD_RUNPATH_SEARCH_PATHS = "$(inherited) @executable_path/Frameworks";
				PRODUCT_BUNDLE_IDENTIFIER = "com.nabeel.Micro-Git";
				PRODUCT_NAME = "$(TARGET_NAME)";
			};
			name = Release;
		};
		F47036E41C6D0234009365D9 /* Debug */ = {
			isa = XCBuildConfiguration;
			baseConfigurationReference = AE641B63EA6DADFF41F2F4D0 /* Pods-Micro GitTests.debug.xcconfig */;
			buildSettings = {
				BUNDLE_LOADER = "$(TEST_HOST)";
				INFOPLIST_FILE = "Micro GitTests/Info.plist";
				LD_RUNPATH_SEARCH_PATHS = "$(inherited) @executable_path/Frameworks @loader_path/Frameworks";
				PRODUCT_BUNDLE_IDENTIFIER = "com.nabeel.Micro-GitTests";
				PRODUCT_NAME = "$(TARGET_NAME)";
				TEST_HOST = "$(BUILT_PRODUCTS_DIR)/Micro Git.app/Micro Git";
			};
			name = Debug;
		};
		F47036E51C6D0234009365D9 /* Release */ = {
			isa = XCBuildConfiguration;
			baseConfigurationReference = FA2F5BD6F497D63509E9DA52 /* Pods-Micro GitTests.release.xcconfig */;
			buildSettings = {
				BUNDLE_LOADER = "$(TEST_HOST)";
				INFOPLIST_FILE = "Micro GitTests/Info.plist";
				LD_RUNPATH_SEARCH_PATHS = "$(inherited) @executable_path/Frameworks @loader_path/Frameworks";
				PRODUCT_BUNDLE_IDENTIFIER = "com.nabeel.Micro-GitTests";
				PRODUCT_NAME = "$(TARGET_NAME)";
				TEST_HOST = "$(BUILT_PRODUCTS_DIR)/Micro Git.app/Micro Git";
			};
			name = Release;
		};
		F47036E71C6D0234009365D9 /* Debug */ = {
			isa = XCBuildConfiguration;
			baseConfigurationReference = 6D5F224A2444D71C02D6E287 /* Pods-Micro GitUITests.debug.xcconfig */;
			buildSettings = {
				INFOPLIST_FILE = "Micro GitUITests/Info.plist";
				LD_RUNPATH_SEARCH_PATHS = "$(inherited) @executable_path/Frameworks @loader_path/Frameworks";
				PRODUCT_BUNDLE_IDENTIFIER = "com.nabeel.Micro-GitUITests";
				PRODUCT_NAME = "$(TARGET_NAME)";
				TEST_TARGET_NAME = "Micro Git";
				USES_XCTRUNNER = YES;
			};
			name = Debug;
		};
		F47036E81C6D0234009365D9 /* Release */ = {
			isa = XCBuildConfiguration;
			baseConfigurationReference = CE4F19B2BB66AC8903B4AF58 /* Pods-Micro GitUITests.release.xcconfig */;
			buildSettings = {
				INFOPLIST_FILE = "Micro GitUITests/Info.plist";
				LD_RUNPATH_SEARCH_PATHS = "$(inherited) @executable_path/Frameworks @loader_path/Frameworks";
				PRODUCT_BUNDLE_IDENTIFIER = "com.nabeel.Micro-GitUITests";
				PRODUCT_NAME = "$(TARGET_NAME)";
				TEST_TARGET_NAME = "Micro Git";
				USES_XCTRUNNER = YES;
			};
			name = Release;
		};
/* End XCBuildConfiguration section */

/* Begin XCConfigurationList section */
		7DF9E7C31C6F12B900137669 /* Build configuration list for PBXAggregateTarget "Mogenerator" */ = {
			isa = XCConfigurationList;
			buildConfigurations = (
				7DF9E7C11C6F12B900137669 /* Debug */,
				7DF9E7C21C6F12B900137669 /* Release */,
			);
			defaultConfigurationIsVisible = 0;
			defaultConfigurationName = Release;
		};
		F47036AE1C6D0234009365D9 /* Build configuration list for PBXProject "Micro Git" */ = {
			isa = XCConfigurationList;
			buildConfigurations = (
				F47036DE1C6D0234009365D9 /* Debug */,
				F47036DF1C6D0234009365D9 /* Release */,
			);
			defaultConfigurationIsVisible = 0;
			defaultConfigurationName = Release;
		};
		F47036E01C6D0234009365D9 /* Build configuration list for PBXNativeTarget "Micro Git" */ = {
			isa = XCConfigurationList;
			buildConfigurations = (
				F47036E11C6D0234009365D9 /* Debug */,
				F47036E21C6D0234009365D9 /* Release */,
			);
			defaultConfigurationIsVisible = 0;
			defaultConfigurationName = Release;
		};
		F47036E31C6D0234009365D9 /* Build configuration list for PBXNativeTarget "Micro GitTests" */ = {
			isa = XCConfigurationList;
			buildConfigurations = (
				F47036E41C6D0234009365D9 /* Debug */,
				F47036E51C6D0234009365D9 /* Release */,
			);
			defaultConfigurationIsVisible = 0;
			defaultConfigurationName = Release;
		};
		F47036E61C6D0234009365D9 /* Build configuration list for PBXNativeTarget "Micro GitUITests" */ = {
			isa = XCConfigurationList;
			buildConfigurations = (
				F47036E71C6D0234009365D9 /* Debug */,
				F47036E81C6D0234009365D9 /* Release */,
			);
			defaultConfigurationIsVisible = 0;
			defaultConfigurationName = Release;
		};
/* End XCConfigurationList section */

/* Begin XCVersionGroup section */
		7DCA07221C6E81450080194B /* MicroGitModel.xcdatamodeld */ = {
			isa = XCVersionGroup;
			children = (
				7DCA07231C6E81450080194B /* MicroGitModel.xcdatamodel */,
			);
			currentVersion = 7DCA07231C6E81450080194B /* MicroGitModel.xcdatamodel */;
			path = MicroGitModel.xcdatamodeld;
			sourceTree = "<group>";
			versionGroupType = wrapper.xcdatamodel;
		};
/* End XCVersionGroup section */
	};
	rootObject = F47036AB1C6D0234009365D9 /* Project object */;
}
